{
    "_readme": [
        "This file locks the dependencies of your project to a known state",
        "Read more about it at https://getcomposer.org/doc/01-basic-usage.md#installing-dependencies",
        "This file is @generated automatically"
    ],
    "content-hash": "de44d03cbd8e6eebe6ff8e2be6fc4ec6",
    "packages": [
        {
            "name": "composer/semver",
            "version": "3.4.0",
            "source": {
                "type": "git",
                "url": "https://github.com/composer/semver.git",
                "reference": "35e8d0af4486141bc745f23a29cc2091eb624a32"
            },
            "dist": {
                "type": "zip",
                "url": "https://api.github.com/repos/composer/semver/zipball/35e8d0af4486141bc745f23a29cc2091eb624a32",
                "reference": "35e8d0af4486141bc745f23a29cc2091eb624a32",
                "shasum": ""
            },
            "require": {
                "php": "^5.3.2 || ^7.0 || ^8.0"
            },
            "require-dev": {
                "phpstan/phpstan": "^1.4",
                "symfony/phpunit-bridge": "^4.2 || ^5"
            },
            "type": "library",
            "extra": {
                "branch-alias": {
                    "dev-main": "3.x-dev"
                }
            },
            "autoload": {
                "psr-4": {
                    "Composer\\Semver\\": "src"
                }
            },
            "notification-url": "https://packagist.org/downloads/",
            "license": [
                "MIT"
            ],
            "authors": [
                {
                    "name": "Nils Adermann",
                    "email": "naderman@naderman.de",
                    "homepage": "http://www.naderman.de"
                },
                {
                    "name": "Jordi Boggiano",
                    "email": "j.boggiano@seld.be",
                    "homepage": "http://seld.be"
                },
                {
                    "name": "Rob Bast",
                    "email": "rob.bast@gmail.com",
                    "homepage": "http://robbast.nl"
                }
            ],
            "description": "Semver library that offers utilities, version constraint parsing and validation.",
            "keywords": [
                "semantic",
                "semver",
                "validation",
                "versioning"
            ],
            "support": {
                "irc": "ircs://irc.libera.chat:6697/composer",
                "issues": "https://github.com/composer/semver/issues",
                "source": "https://github.com/composer/semver/tree/3.4.0"
            },
            "funding": [
                {
                    "url": "https://packagist.com",
                    "type": "custom"
                },
                {
                    "url": "https://github.com/composer",
                    "type": "github"
                },
                {
                    "url": "https://tidelift.com/funding/github/packagist/composer/composer",
                    "type": "tidelift"
                }
            ],
            "time": "2023-08-31T09:50:34+00:00"
        },
        {
            "name": "nyholm/psr7",
            "version": "1.8.1",
            "source": {
                "type": "git",
                "url": "https://github.com/Nyholm/psr7.git",
                "reference": "aa5fc277a4f5508013d571341ade0c3886d4d00e"
            },
            "dist": {
                "type": "zip",
                "url": "https://api.github.com/repos/Nyholm/psr7/zipball/aa5fc277a4f5508013d571341ade0c3886d4d00e",
                "reference": "aa5fc277a4f5508013d571341ade0c3886d4d00e",
                "shasum": ""
            },
            "require": {
                "php": ">=7.2",
                "psr/http-factory": "^1.0",
                "psr/http-message": "^1.1 || ^2.0"
            },
            "provide": {
                "php-http/message-factory-implementation": "1.0",
                "psr/http-factory-implementation": "1.0",
                "psr/http-message-implementation": "1.0"
            },
            "require-dev": {
                "http-interop/http-factory-tests": "^0.9",
                "php-http/message-factory": "^1.0",
                "php-http/psr7-integration-tests": "^1.0",
                "phpunit/phpunit": "^7.5 || ^8.5 || ^9.4",
                "symfony/error-handler": "^4.4"
            },
            "type": "library",
            "extra": {
                "branch-alias": {
                    "dev-master": "1.8-dev"
                }
            },
            "autoload": {
                "psr-4": {
                    "Nyholm\\Psr7\\": "src/"
                }
            },
            "notification-url": "https://packagist.org/downloads/",
            "license": [
                "MIT"
            ],
            "authors": [
                {
                    "name": "Tobias Nyholm",
                    "email": "tobias.nyholm@gmail.com"
                },
                {
                    "name": "Martijn van der Ven",
                    "email": "martijn@vanderven.se"
                }
            ],
            "description": "A fast PHP7 implementation of PSR-7",
            "homepage": "https://tnyholm.se",
            "keywords": [
                "psr-17",
                "psr-7"
            ],
            "support": {
                "issues": "https://github.com/Nyholm/psr7/issues",
                "source": "https://github.com/Nyholm/psr7/tree/1.8.1"
            },
            "funding": [
                {
                    "url": "https://github.com/Zegnat",
                    "type": "github"
                },
                {
                    "url": "https://github.com/nyholm",
                    "type": "github"
                }
            ],
            "time": "2023-11-13T09:31:12+00:00"
        },
        {
            "name": "psr-discovery/discovery",
            "version": "1.0.2",
            "source": {
                "type": "git",
                "url": "https://github.com/psr-discovery/discovery.git",
                "reference": "83e746a138705d56f8e3dc102e28c79f32ae9b54"
            },
            "dist": {
                "type": "zip",
                "url": "https://api.github.com/repos/psr-discovery/discovery/zipball/83e746a138705d56f8e3dc102e28c79f32ae9b54",
                "reference": "83e746a138705d56f8e3dc102e28c79f32ae9b54",
                "shasum": ""
            },
            "require": {
                "composer/semver": "^3.0",
                "php": "^8.0"
            },
            "require-dev": {
                "friendsofphp/php-cs-fixer": "^3.14",
                "infection/infection": "^0.26",
                "mockery/mockery": "^1.5",
                "pestphp/pest": "^2.0",
                "phpstan/phpstan": "^1.10",
                "phpstan/phpstan-strict-rules": "^1.5",
                "rector/rector": "^0.15",
                "vimeo/psalm": "^5.8",
                "wikimedia/composer-merge-plugin": "^2.0"
            },
            "type": "library",
            "extra": {
                "merge-plugin": {
                    "ignore-duplicates": false,
                    "include": [
                        "composer.local.json"
                    ],
                    "merge-dev": true,
                    "merge-extra": false,
                    "merge-extra-deep": false,
                    "merge-scripts": false,
                    "recurse": true,
                    "replace": true
                }
            },
            "autoload": {
                "psr-4": {
                    "PsrDiscovery\\": "src"
                }
            },
            "notification-url": "https://packagist.org/downloads/",
            "license": [
                "MIT"
            ],
            "authors": [
                {
                    "name": "Evan Sims",
                    "email": "hello@evansims.com",
                    "homepage": "https://evansims.com/"
                }
            ],
            "description": "Lightweight library that discovers available PSR implementations by searching for a list of well-known classes that implement the relevant interfaces, and returning an instance of the first one that is found.",
            "homepage": "https://github.com/psr-discovery/discovery",
            "keywords": [
                "PSR-11",
                "discovery",
                "psr",
                "psr-14",
                "psr-17",
                "psr-18",
                "psr-3",
                "psr-6"
            ],
            "support": {
                "issues": "https://github.com/psr-discovery/discovery/issues",
                "source": "https://github.com/psr-discovery/discovery/tree/1.0.2"
            },
            "time": "2023-03-27T19:49:39+00:00"
        },
        {
            "name": "psr-discovery/http-client-implementations",
            "version": "1.0.0",
            "source": {
                "type": "git",
                "url": "https://github.com/psr-discovery/http-client-implementations.git",
                "reference": "ca0cbc370789a3fd0f6aa3e7c4f4e5c123eadef3"
            },
            "dist": {
                "type": "zip",
                "url": "https://api.github.com/repos/psr-discovery/http-client-implementations/zipball/ca0cbc370789a3fd0f6aa3e7c4f4e5c123eadef3",
                "reference": "ca0cbc370789a3fd0f6aa3e7c4f4e5c123eadef3",
                "shasum": ""
            },
            "require": {
                "php": "^8.0",
                "psr-discovery/discovery": "^1.0",
                "psr/http-client": "^1.0"
            },
            "require-dev": {
                "friendsofphp/php-cs-fixer": "^3.14",
                "infection/infection": "^0.26",
                "mockery/mockery": "^1.5",
                "pestphp/pest": "^2.0",
                "phpstan/phpstan": "^1.10",
                "phpstan/phpstan-strict-rules": "^1.5",
                "rector/rector": "^0.15",
                "vimeo/psalm": "^5.8",
                "wikimedia/composer-merge-plugin": "^2.0"
            },
            "type": "library",
            "extra": {
                "merge-plugin": {
                    "ignore-duplicates": false,
                    "include": [
                        "composer.local.json"
                    ],
                    "merge-dev": true,
                    "merge-extra": false,
                    "merge-extra-deep": false,
                    "merge-scripts": false,
                    "recurse": true,
                    "replace": true
                }
            },
            "autoload": {
                "psr-4": {
                    "PsrDiscovery\\": "src"
                }
            },
            "notification-url": "https://packagist.org/downloads/",
            "license": [
                "MIT"
            ],
            "authors": [
                {
                    "name": "Evan Sims",
                    "email": "hello@evansims.com",
                    "homepage": "https://evansims.com/"
                }
            ],
            "description": "Lightweight library that discovers available PSR-18 HTTP Client implementations by searching for a list of well-known classes that implement the relevant interface, and returns an instance of the first one that is found.",
            "homepage": "https://github.com/psr-discovery/http-client-implementations",
            "keywords": [
                "discovery",
                "psr",
                "psr-18"
            ],
            "support": {
                "issues": "https://github.com/psr-discovery/http-client-implementations/issues",
                "source": "https://github.com/psr-discovery/http-client-implementations/tree/1.0.0"
            },
            "time": "2023-03-27T06:16:24+00:00"
        },
        {
            "name": "psr-discovery/log-implementations",
            "version": "1.0.0",
            "source": {
                "type": "git",
                "url": "https://github.com/psr-discovery/log-implementations.git",
                "reference": "7be7af9bb1bf41a4985356b16cc654e0227eed38"
            },
            "dist": {
                "type": "zip",
                "url": "https://api.github.com/repos/psr-discovery/log-implementations/zipball/7be7af9bb1bf41a4985356b16cc654e0227eed38",
                "reference": "7be7af9bb1bf41a4985356b16cc654e0227eed38",
                "shasum": ""
            },
            "require": {
                "php": "^8.0",
                "psr-discovery/discovery": "^1.0",
                "psr/log": "^1.0 | ^2.0 | ^3.0"
            },
            "require-dev": {
                "friendsofphp/php-cs-fixer": "^3.14",
                "infection/infection": "^0.26",
                "mockery/mockery": "^1.5",
                "pestphp/pest": "^2.0",
                "phpstan/phpstan": "^1.10",
                "phpstan/phpstan-strict-rules": "^1.5",
                "rector/rector": "^0.15",
                "vimeo/psalm": "^5.8",
                "wikimedia/composer-merge-plugin": "^2.0"
            },
            "type": "library",
            "extra": {
                "merge-plugin": {
                    "ignore-duplicates": false,
                    "include": [
                        "composer.local.json"
                    ],
                    "merge-dev": true,
                    "merge-extra": false,
                    "merge-extra-deep": false,
                    "merge-scripts": false,
                    "recurse": true,
                    "replace": true
                }
            },
            "autoload": {
                "psr-4": {
                    "PsrDiscovery\\": "src"
                }
            },
            "notification-url": "https://packagist.org/downloads/",
            "license": [
                "MIT"
            ],
            "authors": [
                {
                    "name": "Evan Sims",
                    "email": "hello@evansims.com",
                    "homepage": "https://evansims.com/"
                }
            ],
            "description": "Lightweight library that discovers available PSR-3 Log implementations by searching for a list of well-known classes that implement the relevant interface, and returns an instance of the first one that is found.",
            "homepage": "https://github.com/psr-discovery",
            "keywords": [
                "discovery",
                "log",
                "log-implementation",
                "psr",
                "psr-3"
            ],
            "support": {
                "issues": "https://github.com/psr-discovery/log-implementations/issues",
                "source": "https://github.com/psr-discovery/log-implementations/tree/1.0.0"
            },
            "time": "2023-03-27T06:14:11+00:00"
        },
        {
            "name": "psr/http-client",
            "version": "1.0.3",
            "source": {
                "type": "git",
                "url": "https://github.com/php-fig/http-client.git",
                "reference": "bb5906edc1c324c9a05aa0873d40117941e5fa90"
            },
            "dist": {
                "type": "zip",
                "url": "https://api.github.com/repos/php-fig/http-client/zipball/bb5906edc1c324c9a05aa0873d40117941e5fa90",
                "reference": "bb5906edc1c324c9a05aa0873d40117941e5fa90",
                "shasum": ""
            },
            "require": {
                "php": "^7.0 || ^8.0",
                "psr/http-message": "^1.0 || ^2.0"
            },
            "type": "library",
            "extra": {
                "branch-alias": {
                    "dev-master": "1.0.x-dev"
                }
            },
            "autoload": {
                "psr-4": {
                    "Psr\\Http\\Client\\": "src/"
                }
            },
            "notification-url": "https://packagist.org/downloads/",
            "license": [
                "MIT"
            ],
            "authors": [
                {
                    "name": "PHP-FIG",
                    "homepage": "https://www.php-fig.org/"
                }
            ],
            "description": "Common interface for HTTP clients",
            "homepage": "https://github.com/php-fig/http-client",
            "keywords": [
                "http",
                "http-client",
                "psr",
                "psr-18"
            ],
            "support": {
                "source": "https://github.com/php-fig/http-client"
            },
            "time": "2023-09-23T14:17:50+00:00"
        },
        {
            "name": "psr/http-factory",
            "version": "1.0.2",
            "source": {
                "type": "git",
                "url": "https://github.com/php-fig/http-factory.git",
                "reference": "e616d01114759c4c489f93b099585439f795fe35"
            },
            "dist": {
                "type": "zip",
                "url": "https://api.github.com/repos/php-fig/http-factory/zipball/e616d01114759c4c489f93b099585439f795fe35",
                "reference": "e616d01114759c4c489f93b099585439f795fe35",
                "shasum": ""
            },
            "require": {
                "php": ">=7.0.0",
                "psr/http-message": "^1.0 || ^2.0"
            },
            "type": "library",
            "extra": {
                "branch-alias": {
                    "dev-master": "1.0.x-dev"
                }
            },
            "autoload": {
                "psr-4": {
                    "Psr\\Http\\Message\\": "src/"
                }
            },
            "notification-url": "https://packagist.org/downloads/",
            "license": [
                "MIT"
            ],
            "authors": [
                {
                    "name": "PHP-FIG",
                    "homepage": "https://www.php-fig.org/"
                }
            ],
            "description": "Common interfaces for PSR-7 HTTP message factories",
            "keywords": [
                "factory",
                "http",
                "message",
                "psr",
                "psr-17",
                "psr-7",
                "request",
                "response"
            ],
            "support": {
                "source": "https://github.com/php-fig/http-factory/tree/1.0.2"
            },
            "time": "2023-04-10T20:10:41+00:00"
        },
        {
            "name": "psr/http-message",
            "version": "2.0",
            "source": {
                "type": "git",
                "url": "https://github.com/php-fig/http-message.git",
                "reference": "402d35bcb92c70c026d1a6a9883f06b2ead23d71"
            },
            "dist": {
                "type": "zip",
                "url": "https://api.github.com/repos/php-fig/http-message/zipball/402d35bcb92c70c026d1a6a9883f06b2ead23d71",
                "reference": "402d35bcb92c70c026d1a6a9883f06b2ead23d71",
                "shasum": ""
            },
            "require": {
                "php": "^7.2 || ^8.0"
            },
            "type": "library",
            "extra": {
                "branch-alias": {
                    "dev-master": "2.0.x-dev"
                }
            },
            "autoload": {
                "psr-4": {
                    "Psr\\Http\\Message\\": "src/"
                }
            },
            "notification-url": "https://packagist.org/downloads/",
            "license": [
                "MIT"
            ],
            "authors": [
                {
                    "name": "PHP-FIG",
                    "homepage": "https://www.php-fig.org/"
                }
            ],
            "description": "Common interface for HTTP messages",
            "homepage": "https://github.com/php-fig/http-message",
            "keywords": [
                "http",
                "http-message",
                "psr",
                "psr-7",
                "request",
                "response"
            ],
            "support": {
                "source": "https://github.com/php-fig/http-message/tree/2.0"
            },
            "time": "2023-04-04T09:54:51+00:00"
        },
        {
            "name": "psr/log",
            "version": "1.1.4",
            "source": {
                "type": "git",
                "url": "https://github.com/php-fig/log.git",
                "reference": "d49695b909c3b7628b6289db5479a1c204601f11"
            },
            "dist": {
                "type": "zip",
                "url": "https://api.github.com/repos/php-fig/log/zipball/d49695b909c3b7628b6289db5479a1c204601f11",
                "reference": "d49695b909c3b7628b6289db5479a1c204601f11",
                "shasum": ""
            },
            "require": {
                "php": ">=5.3.0"
            },
            "type": "library",
            "extra": {
                "branch-alias": {
                    "dev-master": "1.1.x-dev"
                }
            },
            "autoload": {
                "psr-4": {
                    "Psr\\Log\\": "Psr/Log/"
                }
            },
            "notification-url": "https://packagist.org/downloads/",
            "license": [
                "MIT"
            ],
            "authors": [
                {
                    "name": "PHP-FIG",
                    "homepage": "https://www.php-fig.org/"
                }
            ],
            "description": "Common interface for logging libraries",
            "homepage": "https://github.com/php-fig/log",
            "keywords": [
                "log",
                "psr",
                "psr-3"
            ],
            "support": {
                "source": "https://github.com/php-fig/log/tree/1.1.4"
            },
            "time": "2021-05-03T11:20:27+00:00"
        }
    ],
    "packages-dev": [],
    "aliases": [],
    "minimum-stability": "stable",
    "stability-flags": [],
    "prefer-stable": false,
    "prefer-lowest": false,
    "platform": {
        "php": "^7.2.5 || ^8.0",
        "ext-json": "*"
    },
    "platform-dev": [],
    "plugin-api-version": "2.6.0"
}
